
Microsoft Visual Studio Solution File, Format Version 12.00
# Visual Studio Version 16
VisualStudioVersion = 16.0.31911.196
MinimumVisualStudioVersion = 10.0.40219.1
Project("{FAE04EC0-301F-11D3-BF4B-00C04F79EFBC}") = "Cash Machine", "Cash Machine\Cash Machine.csproj", "{24FEEB99-00BD-4FA2-8042-863CA6902B43}"
EndProject
Global
	GlobalSection(SolutionConfigurationPlatforms) = preSolution
		Debug|Any CPU = Debug|Any CPU
		Release|Any CPU = Release|Any CPU
	EndGlobalSection
	GlobalSection(ProjectConfigurationPlatforms) = postSolution
		{24FEEB99-00BD-4FA2-8042-863CA6902B43}.Debug|Any CPU.ActiveCfg = Debug|Any CPU
		{24FEEB99-00BD-4FA2-8042-863CA6902B43}.Debug|Any CPU.Build.0 = Debug|Any CPU
		{24FEEB99-00BD-4FA2-8042-863CA6902B43}.Release|Any CPU.ActiveCfg = Release|Any CPU
		{24FEEB99-00BD-4FA2-8042-863CA6902B43}.Release|Any CPU.Build.0 = Release|Any CPU
	EndGlobalSection
	GlobalSection(SolutionProperties) = preSolution
		HideSolutionNode = FALSE
	EndGlobalSection
	GlobalSection(ExtensibilityGlobals) = postSolution
		SolutionGuid = {C6FF5030-5263-4177-B74C-9CE82633612A}
	EndGlobalSection
EndGlobal
