
Microsoft Visual Studio Solution File, Format Version 12.00
# Visual Studio Version 16
VisualStudioVersion = 16.0.32002.261
MinimumVisualStudioVersion = 10.0.40219.1
Project("{FAE04EC0-301F-11D3-BF4B-00C04F79EFBC}") = "Graph of trigonometric functions", "Graph of trigonometric functions\Graph of trigonometric functions.csproj", "{58448EA0-542E-47E6-8CBD-0408F8DDDC1A}"
EndProject
Global
	GlobalSection(SolutionConfigurationPlatforms) = preSolution
		Debug|Any CPU = Debug|Any CPU
		Release|Any CPU = Release|Any CPU
	EndGlobalSection
	GlobalSection(ProjectConfigurationPlatforms) = postSolution
		{58448EA0-542E-47E6-8CBD-0408F8DDDC1A}.Debug|Any CPU.ActiveCfg = Debug|Any CPU
		{58448EA0-542E-47E6-8CBD-0408F8DDDC1A}.Debug|Any CPU.Build.0 = Debug|Any CPU
		{58448EA0-542E-47E6-8CBD-0408F8DDDC1A}.Release|Any CPU.ActiveCfg = Release|Any CPU
		{58448EA0-542E-47E6-8CBD-0408F8DDDC1A}.Release|Any CPU.Build.0 = Release|Any CPU
	EndGlobalSection
	GlobalSection(SolutionProperties) = preSolution
		HideSolutionNode = FALSE
	EndGlobalSection
	GlobalSection(ExtensibilityGlobals) = postSolution
		SolutionGuid = {3EF54659-AB32-40AE-89E4-F3CE77073630}
	EndGlobalSection
EndGlobal
