
Microsoft Visual Studio Solution File, Format Version 12.00
# Visual Studio Version 16
VisualStudioVersion = 16.0.32002.261
MinimumVisualStudioVersion = 10.0.40219.1
Project("{FAE04EC0-301F-11D3-BF4B-00C04F79EFBC}") = "Password", "Password\Password.csproj", "{F77E8AD9-008D-46AE-BF1B-3228C9EEC7D9}"
EndProject
Global
	GlobalSection(SolutionConfigurationPlatforms) = preSolution
		Debug|Any CPU = Debug|Any CPU
		Release|Any CPU = Release|Any CPU
	EndGlobalSection
	GlobalSection(ProjectConfigurationPlatforms) = postSolution
		{F77E8AD9-008D-46AE-BF1B-3228C9EEC7D9}.Debug|Any CPU.ActiveCfg = Debug|Any CPU
		{F77E8AD9-008D-46AE-BF1B-3228C9EEC7D9}.Debug|Any CPU.Build.0 = Debug|Any CPU
		{F77E8AD9-008D-46AE-BF1B-3228C9EEC7D9}.Release|Any CPU.ActiveCfg = Release|Any CPU
		{F77E8AD9-008D-46AE-BF1B-3228C9EEC7D9}.Release|Any CPU.Build.0 = Release|Any CPU
	EndGlobalSection
	GlobalSection(SolutionProperties) = preSolution
		HideSolutionNode = FALSE
	EndGlobalSection
	GlobalSection(ExtensibilityGlobals) = postSolution
		SolutionGuid = {C36B4B0B-0235-4551-8AB9-02B55E3DEE30}
	EndGlobalSection
EndGlobal
