
Microsoft Visual Studio Solution File, Format Version 12.00
# Visual Studio Version 16
VisualStudioVersion = 16.0.31702.278
MinimumVisualStudioVersion = 10.0.40219.1
Project("{FAE04EC0-301F-11D3-BF4B-00C04F79EFBC}") = "Events with a Form", "Events with a Form\Events with a Form.csproj", "{5CC49219-F46E-49CF-8C31-A88CCEA69FC1}"
EndProject
Global
	GlobalSection(SolutionConfigurationPlatforms) = preSolution
		Debug|Any CPU = Debug|Any CPU
		Release|Any CPU = Release|Any CPU
	EndGlobalSection
	GlobalSection(ProjectConfigurationPlatforms) = postSolution
		{5CC49219-F46E-49CF-8C31-A88CCEA69FC1}.Debug|Any CPU.ActiveCfg = Debug|Any CPU
		{5CC49219-F46E-49CF-8C31-A88CCEA69FC1}.Debug|Any CPU.Build.0 = Debug|Any CPU
		{5CC49219-F46E-49CF-8C31-A88CCEA69FC1}.Release|Any CPU.ActiveCfg = Release|Any CPU
		{5CC49219-F46E-49CF-8C31-A88CCEA69FC1}.Release|Any CPU.Build.0 = Release|Any CPU
	EndGlobalSection
	GlobalSection(SolutionProperties) = preSolution
		HideSolutionNode = FALSE
	EndGlobalSection
	GlobalSection(ExtensibilityGlobals) = postSolution
		SolutionGuid = {8EAC23D8-D0A4-48E1-A6FB-18D3A1F174E0}
	EndGlobalSection
EndGlobal
