
Microsoft Visual Studio Solution File, Format Version 12.00
# Visual Studio Version 16
VisualStudioVersion = 16.0.32002.261
MinimumVisualStudioVersion = 10.0.40219.1
Project("{FAE04EC0-301F-11D3-BF4B-00C04F79EFBC}") = "Employee's wage", "Employee's wage\Employee's wage.csproj", "{97BF34B7-CCAC-4ACB-AAB5-E3BDACA55469}"
EndProject
Global
	GlobalSection(SolutionConfigurationPlatforms) = preSolution
		Debug|Any CPU = Debug|Any CPU
		Release|Any CPU = Release|Any CPU
	EndGlobalSection
	GlobalSection(ProjectConfigurationPlatforms) = postSolution
		{97BF34B7-CCAC-4ACB-AAB5-E3BDACA55469}.Debug|Any CPU.ActiveCfg = Debug|Any CPU
		{97BF34B7-CCAC-4ACB-AAB5-E3BDACA55469}.Debug|Any CPU.Build.0 = Debug|Any CPU
		{97BF34B7-CCAC-4ACB-AAB5-E3BDACA55469}.Release|Any CPU.ActiveCfg = Release|Any CPU
		{97BF34B7-CCAC-4ACB-AAB5-E3BDACA55469}.Release|Any CPU.Build.0 = Release|Any CPU
	EndGlobalSection
	GlobalSection(SolutionProperties) = preSolution
		HideSolutionNode = FALSE
	EndGlobalSection
	GlobalSection(ExtensibilityGlobals) = postSolution
		SolutionGuid = {8F130F38-9924-46C4-A332-CCA526634672}
	EndGlobalSection
EndGlobal
