
Microsoft Visual Studio Solution File, Format Version 12.00
# Visual Studio Version 16
VisualStudioVersion = 16.0.32002.261
MinimumVisualStudioVersion = 10.0.40219.1
Project("{FAE04EC0-301F-11D3-BF4B-00C04F79EFBC}") = "Cycle for (pictures)", "Cycle for (pictures)\Cycle for (pictures).csproj", "{6C161220-96F7-47C2-AB0C-1187D683F892}"
EndProject
Project("{2150E333-8FDC-42A3-9474-1A3956D46DE8}") = "Solution Items", "Solution Items", "{B3988A4A-3650-4712-9A57-B731EF3D52D2}"
	ProjectSection(SolutionItems) = preProject
		.editorconfig = .editorconfig
	EndProjectSection
EndProject
Global
	GlobalSection(SolutionConfigurationPlatforms) = preSolution
		Debug|Any CPU = Debug|Any CPU
		Release|Any CPU = Release|Any CPU
	EndGlobalSection
	GlobalSection(ProjectConfigurationPlatforms) = postSolution
		{6C161220-96F7-47C2-AB0C-1187D683F892}.Debug|Any CPU.ActiveCfg = Debug|Any CPU
		{6C161220-96F7-47C2-AB0C-1187D683F892}.Debug|Any CPU.Build.0 = Debug|Any CPU
		{6C161220-96F7-47C2-AB0C-1187D683F892}.Release|Any CPU.ActiveCfg = Release|Any CPU
		{6C161220-96F7-47C2-AB0C-1187D683F892}.Release|Any CPU.Build.0 = Release|Any CPU
	EndGlobalSection
	GlobalSection(SolutionProperties) = preSolution
		HideSolutionNode = FALSE
	EndGlobalSection
	GlobalSection(ExtensibilityGlobals) = postSolution
		SolutionGuid = {663CEBD7-30C4-4C5C-B6C3-38C12C7303A2}
	EndGlobalSection
EndGlobal
