
Microsoft Visual Studio Solution File, Format Version 12.00
# Visual Studio Version 16
VisualStudioVersion = 16.0.32002.261
MinimumVisualStudioVersion = 10.0.40219.1
Project("{FAE04EC0-301F-11D3-BF4B-00C04F79EFBC}") = "Human biorhythm", "Human biorhythm\Human biorhythm.csproj", "{1E3FB38F-D862-4707-AF57-60A463682F3F}"
EndProject
Global
	GlobalSection(SolutionConfigurationPlatforms) = preSolution
		Debug|Any CPU = Debug|Any CPU
		Release|Any CPU = Release|Any CPU
	EndGlobalSection
	GlobalSection(ProjectConfigurationPlatforms) = postSolution
		{1E3FB38F-D862-4707-AF57-60A463682F3F}.Debug|Any CPU.ActiveCfg = Debug|Any CPU
		{1E3FB38F-D862-4707-AF57-60A463682F3F}.Debug|Any CPU.Build.0 = Debug|Any CPU
		{1E3FB38F-D862-4707-AF57-60A463682F3F}.Release|Any CPU.ActiveCfg = Release|Any CPU
		{1E3FB38F-D862-4707-AF57-60A463682F3F}.Release|Any CPU.Build.0 = Release|Any CPU
	EndGlobalSection
	GlobalSection(SolutionProperties) = preSolution
		HideSolutionNode = FALSE
	EndGlobalSection
	GlobalSection(ExtensibilityGlobals) = postSolution
		SolutionGuid = {AC8FB155-F004-4BCE-B73F-A6EBE0D11380}
	EndGlobalSection
EndGlobal
